
Microsoft Visual Studio Solution File, Format Version 12.00
# Visual Studio Version 16
VisualStudioVersion = 16.0.33927.289
MinimumVisualStudioVersion = 10.0.40219.1
Project("{2150E333-8FDC-42A3-9474-1A3956D46DE8}") = "Task0", "Task0", "{C6539383-0CED-4F59-99A6-C4A7897120C8}"
EndProject
Project("{FAE04EC0-301F-11D3-BF4B-00C04F79EFBC}") = "Tyuiu.LachuginAV.Sprint6.Task0.V11.Lib", "Tyuiu.LachuginAV.Sprint6.Task0.V11.Lib\Tyuiu.LachuginAV.Sprint6.Task0.V11.Lib.csproj", "{2A275222-2A42-4DE3-8FE8-9056E08710CB}"
EndProject
Project("{FAE04EC0-301F-11D3-BF4B-00C04F79EFBC}") = "Tyuiu.LachuginAV.Sprint6.Task0.V11.Test", "Tyuiu.LachuginAV.Sprint6.Task0.V11.Test\Tyuiu.LachuginAV.Sprint6.Task0.V11.Test.csproj", "{E517DB11-1359-4E24-B22A-FA5C79C5D871}"
EndProject
Project("{FAE04EC0-301F-11D3-BF4B-00C04F79EFBC}") = "Tyuiu.LachuginAV.Sprint6.Task0.V11", "Tyuiu.LachuginAV.Sprint6.Task0.V11\Tyuiu.LachuginAV.Sprint6.Task0.V11.csproj", "{40CB2254-119F-40DF-ABFE-2A1212D1AE2B}"
EndProject
Project("{2150E333-8FDC-42A3-9474-1A3956D46DE8}") = "Task1", "Task1", "{79EC576D-1508-4B09-8BA6-2F466D3D30D1}"
EndProject
Project("{FAE04EC0-301F-11D3-BF4B-00C04F79EFBC}") = "Tyuiu.LachuginAV.Sprint6.Task1.V9", "Tyuiu.LachuginAV.Sprint6.Task1.V9\Tyuiu.LachuginAV.Sprint6.Task1.V9.csproj", "{A87C7B83-C862-4FD8-8972-C0645073F06D}"
EndProject
Project("{FAE04EC0-301F-11D3-BF4B-00C04F79EFBC}") = "Tyuiu.LachuginAV.Sprint6.Task1.V9.Lib", "Tyuiu.LachuginAV.Sprint6.Task1.V9.Lib\Tyuiu.LachuginAV.Sprint6.Task1.V9.Lib.csproj", "{A0B26EC1-AD20-480C-AD53-F2F51B43D432}"
EndProject
Project("{FAE04EC0-301F-11D3-BF4B-00C04F79EFBC}") = "Tyuiu.LachuginAV.Sprint6.Task1.V9.Test", "Tyuiu.LachuginAV.Sprint6.Task1.V9.Test\Tyuiu.LachuginAV.Sprint6.Task1.V9.Test.csproj", "{A632E94E-EFFE-417B-8B7E-EE92214DFA48}"
EndProject
Project("{2150E333-8FDC-42A3-9474-1A3956D46DE8}") = "Task2", "Task2", "{005D2415-A42D-4FBD-997F-9AA312943566}"
EndProject
Project("{FAE04EC0-301F-11D3-BF4B-00C04F79EFBC}") = "Tyuiu.LachuginAV.Sprint6.Task2.V5", "Tyuiu.LachuginAV.Sprint6.Task2.V5\Tyuiu.LachuginAV.Sprint6.Task2.V5.csproj", "{2968080D-6916-4F6A-98EC-108A45E47F7C}"
EndProject
Project("{FAE04EC0-301F-11D3-BF4B-00C04F79EFBC}") = "Tyuiu.LachuginAV.Sprint6.Task2.V5.Test", "Tyuiu.LachuginAV.Sprint6.Task2.V5.Test\Tyuiu.LachuginAV.Sprint6.Task2.V5.Test.csproj", "{0444C7BB-4F1F-4E51-A29B-EFE76640C79D}"
EndProject
Project("{FAE04EC0-301F-11D3-BF4B-00C04F79EFBC}") = "Tyuiu.LachuginAV.Sprint6.Task2.V5.Lib", "Tyuiu.LachuginAV.Sprint6.Task2.V5.Lib\Tyuiu.LachuginAV.Sprint6.Task2.V5.Lib.csproj", "{1FBD7D61-3342-40D5-AECF-97278A3E59DA}"
EndProject
Global
	GlobalSection(SolutionConfigurationPlatforms) = preSolution
		Debug|Any CPU = Debug|Any CPU
		Release|Any CPU = Release|Any CPU
	EndGlobalSection
	GlobalSection(ProjectConfigurationPlatforms) = postSolution
		{2A275222-2A42-4DE3-8FE8-9056E08710CB}.Debug|Any CPU.ActiveCfg = Debug|Any CPU
		{2A275222-2A42-4DE3-8FE8-9056E08710CB}.Debug|Any CPU.Build.0 = Debug|Any CPU
		{2A275222-2A42-4DE3-8FE8-9056E08710CB}.Release|Any CPU.ActiveCfg = Release|Any CPU
		{2A275222-2A42-4DE3-8FE8-9056E08710CB}.Release|Any CPU.Build.0 = Release|Any CPU
		{E517DB11-1359-4E24-B22A-FA5C79C5D871}.Debug|Any CPU.ActiveCfg = Debug|Any CPU
		{E517DB11-1359-4E24-B22A-FA5C79C5D871}.Debug|Any CPU.Build.0 = Debug|Any CPU
		{E517DB11-1359-4E24-B22A-FA5C79C5D871}.Release|Any CPU.ActiveCfg = Release|Any CPU
		{E517DB11-1359-4E24-B22A-FA5C79C5D871}.Release|Any CPU.Build.0 = Release|Any CPU
		{40CB2254-119F-40DF-ABFE-2A1212D1AE2B}.Debug|Any CPU.ActiveCfg = Debug|Any CPU
		{40CB2254-119F-40DF-ABFE-2A1212D1AE2B}.Debug|Any CPU.Build.0 = Debug|Any CPU
		{40CB2254-119F-40DF-ABFE-2A1212D1AE2B}.Release|Any CPU.ActiveCfg = Release|Any CPU
		{40CB2254-119F-40DF-ABFE-2A1212D1AE2B}.Release|Any CPU.Build.0 = Release|Any CPU
		{A87C7B83-C862-4FD8-8972-C0645073F06D}.Debug|Any CPU.ActiveCfg = Debug|Any CPU
		{A87C7B83-C862-4FD8-8972-C0645073F06D}.Debug|Any CPU.Build.0 = Debug|Any CPU
		{A87C7B83-C862-4FD8-8972-C0645073F06D}.Release|Any CPU.ActiveCfg = Release|Any CPU
		{A87C7B83-C862-4FD8-8972-C0645073F06D}.Release|Any CPU.Build.0 = Release|Any CPU
		{A0B26EC1-AD20-480C-AD53-F2F51B43D432}.Debug|Any CPU.ActiveCfg = Debug|Any CPU
		{A0B26EC1-AD20-480C-AD53-F2F51B43D432}.Debug|Any CPU.Build.0 = Debug|Any CPU
		{A0B26EC1-AD20-480C-AD53-F2F51B43D432}.Release|Any CPU.ActiveCfg = Release|Any CPU
		{A0B26EC1-AD20-480C-AD53-F2F51B43D432}.Release|Any CPU.Build.0 = Release|Any CPU
		{A632E94E-EFFE-417B-8B7E-EE92214DFA48}.Debug|Any CPU.ActiveCfg = Debug|Any CPU
		{A632E94E-EFFE-417B-8B7E-EE92214DFA48}.Debug|Any CPU.Build.0 = Debug|Any CPU
		{A632E94E-EFFE-417B-8B7E-EE92214DFA48}.Release|Any CPU.ActiveCfg = Release|Any CPU
		{A632E94E-EFFE-417B-8B7E-EE92214DFA48}.Release|Any CPU.Build.0 = Release|Any CPU
		{2968080D-6916-4F6A-98EC-108A45E47F7C}.Debug|Any CPU.ActiveCfg = Debug|Any CPU
		{2968080D-6916-4F6A-98EC-108A45E47F7C}.Debug|Any CPU.Build.0 = Debug|Any CPU
		{2968080D-6916-4F6A-98EC-108A45E47F7C}.Release|Any CPU.ActiveCfg = Release|Any CPU
		{2968080D-6916-4F6A-98EC-108A45E47F7C}.Release|Any CPU.Build.0 = Release|Any CPU
		{0444C7BB-4F1F-4E51-A29B-EFE76640C79D}.Debug|Any CPU.ActiveCfg = Debug|Any CPU
		{0444C7BB-4F1F-4E51-A29B-EFE76640C79D}.Debug|Any CPU.Build.0 = Debug|Any CPU
		{0444C7BB-4F1F-4E51-A29B-EFE76640C79D}.Release|Any CPU.ActiveCfg = Release|Any CPU
		{0444C7BB-4F1F-4E51-A29B-EFE76640C79D}.Release|Any CPU.Build.0 = Release|Any CPU
		{1FBD7D61-3342-40D5-AECF-97278A3E59DA}.Debug|Any CPU.ActiveCfg = Debug|Any CPU
		{1FBD7D61-3342-40D5-AECF-97278A3E59DA}.Debug|Any CPU.Build.0 = Debug|Any CPU
		{1FBD7D61-3342-40D5-AECF-97278A3E59DA}.Release|Any CPU.ActiveCfg = Release|Any CPU
		{1FBD7D61-3342-40D5-AECF-97278A3E59DA}.Release|Any CPU.Build.0 = Release|Any CPU
	EndGlobalSection
	GlobalSection(SolutionProperties) = preSolution
		HideSolutionNode = FALSE
	EndGlobalSection
	GlobalSection(NestedProjects) = preSolution
		{2A275222-2A42-4DE3-8FE8-9056E08710CB} = {C6539383-0CED-4F59-99A6-C4A7897120C8}
		{E517DB11-1359-4E24-B22A-FA5C79C5D871} = {C6539383-0CED-4F59-99A6-C4A7897120C8}
		{40CB2254-119F-40DF-ABFE-2A1212D1AE2B} = {C6539383-0CED-4F59-99A6-C4A7897120C8}
		{A87C7B83-C862-4FD8-8972-C0645073F06D} = {79EC576D-1508-4B09-8BA6-2F466D3D30D1}
		{A0B26EC1-AD20-480C-AD53-F2F51B43D432} = {79EC576D-1508-4B09-8BA6-2F466D3D30D1}
		{A632E94E-EFFE-417B-8B7E-EE92214DFA48} = {79EC576D-1508-4B09-8BA6-2F466D3D30D1}
		{2968080D-6916-4F6A-98EC-108A45E47F7C} = {005D2415-A42D-4FBD-997F-9AA312943566}
		{0444C7BB-4F1F-4E51-A29B-EFE76640C79D} = {005D2415-A42D-4FBD-997F-9AA312943566}
		{1FBD7D61-3342-40D5-AECF-97278A3E59DA} = {005D2415-A42D-4FBD-997F-9AA312943566}
	EndGlobalSection
	GlobalSection(ExtensibilityGlobals) = postSolution
		SolutionGuid = {F3206709-AC33-4B2C-AC5F-DBC3604FB804}
	EndGlobalSection
EndGlobal
